
Microsoft Visual Studio Solution File, Format Version 12.00
# Visual Studio 15
VisualStudioVersion = 15.0.27703.2047
MinimumVisualStudioVersion = 10.0.40219.1
Project("{FAE04EC0-301F-11D3-BF4B-00C04F79EFBC}") = "MonoEngine", "MonoCJ\MonoEngine.csproj", "{BC1F6EFF-A8DF-4C44-B149-CC2FDDD0C7E0}"
EndProject
Project("{FAE04EC0-301F-11D3-BF4B-00C04F79EFBC}") = "GameExample", "GameExample\GameExample.csproj", "{B658E44D-6815-4EEE-A699-491862B8C0FB}"
EndProject
Global
	GlobalSection(SolutionConfigurationPlatforms) = preSolution
		Debug|Any CPU = Debug|Any CPU
		Debug|x86 = Debug|x86
		Release|Any CPU = Release|Any CPU
		Release|x86 = Release|x86
	EndGlobalSection
	GlobalSection(ProjectConfigurationPlatforms) = postSolution
		{BC1F6EFF-A8DF-4C44-B149-CC2FDDD0C7E0}.Debug|Any CPU.ActiveCfg = Debug|Any CPU
		{BC1F6EFF-A8DF-4C44-B149-CC2FDDD0C7E0}.Debug|Any CPU.Build.0 = Debug|Any CPU
		{BC1F6EFF-A8DF-4C44-B149-CC2FDDD0C7E0}.Debug|x86.ActiveCfg = Debug|Any CPU
		{BC1F6EFF-A8DF-4C44-B149-CC2FDDD0C7E0}.Debug|x86.Build.0 = Debug|Any CPU
		{BC1F6EFF-A8DF-4C44-B149-CC2FDDD0C7E0}.Release|Any CPU.ActiveCfg = Release|Any CPU
		{BC1F6EFF-A8DF-4C44-B149-CC2FDDD0C7E0}.Release|Any CPU.Build.0 = Release|Any CPU
		{BC1F6EFF-A8DF-4C44-B149-CC2FDDD0C7E0}.Release|x86.ActiveCfg = Release|Any CPU
		{BC1F6EFF-A8DF-4C44-B149-CC2FDDD0C7E0}.Release|x86.Build.0 = Release|Any CPU
		{B658E44D-6815-4EEE-A699-491862B8C0FB}.Debug|Any CPU.ActiveCfg = Debug|Any CPU
		{B658E44D-6815-4EEE-A699-491862B8C0FB}.Debug|Any CPU.Build.0 = Debug|Any CPU
		{B658E44D-6815-4EEE-A699-491862B8C0FB}.Debug|x86.ActiveCfg = Debug|Any CPU
		{B658E44D-6815-4EEE-A699-491862B8C0FB}.Debug|x86.Build.0 = Debug|Any CPU
		{B658E44D-6815-4EEE-A699-491862B8C0FB}.Release|Any CPU.ActiveCfg = Release|Any CPU
		{B658E44D-6815-4EEE-A699-491862B8C0FB}.Release|Any CPU.Build.0 = Release|Any CPU
		{B658E44D-6815-4EEE-A699-491862B8C0FB}.Release|x86.ActiveCfg = Release|Any CPU
		{B658E44D-6815-4EEE-A699-491862B8C0FB}.Release|x86.Build.0 = Release|Any CPU
	EndGlobalSection
	GlobalSection(SolutionProperties) = preSolution
		HideSolutionNode = FALSE
	EndGlobalSection
	GlobalSection(ExtensibilityGlobals) = postSolution
		SolutionGuid = {70DFD2C7-53D6-4AA1-A9B4-EE21EA10BC4B}
	EndGlobalSection
EndGlobal
